
Microsoft Visual Studio Solution File, Format Version 12.00
# Visual Studio Version 17
VisualStudioVersion = 17.8.34511.84
MinimumVisualStudioVersion = 10.0.40219.1
Project("{9A19103F-16F7-4668-BE54-9A1E7A4F7556}") = "ToDoConsole", "ToDoConsole.csproj", "{4704B1C9-E4C3-4764-99A2-1378F9BEA80B}"
EndProject
Global
	GlobalSection(SolutionConfigurationPlatforms) = preSolution
		Debug|Any CPU = Debug|Any CPU
		Release|Any CPU = Release|Any CPU
	EndGlobalSection
	GlobalSection(ProjectConfigurationPlatforms) = postSolution
		{4704B1C9-E4C3-4764-99A2-1378F9BEA80B}.Debug|Any CPU.ActiveCfg = Debug|Any CPU
		{4704B1C9-E4C3-4764-99A2-1378F9BEA80B}.Debug|Any CPU.Build.0 = Debug|Any CPU
		{4704B1C9-E4C3-4764-99A2-1378F9BEA80B}.Release|Any CPU.ActiveCfg = Release|Any CPU
		{4704B1C9-E4C3-4764-99A2-1378F9BEA80B}.Release|Any CPU.Build.0 = Release|Any CPU
	EndGlobalSection
	GlobalSection(SolutionProperties) = preSolution
		HideSolutionNode = FALSE
	EndGlobalSection
	GlobalSection(ExtensibilityGlobals) = postSolution
		SolutionGuid = {E354225A-D8B5-491A-90FE-DDADD86A28E3}
	EndGlobalSection
EndGlobal
